
Microsoft Visual Studio Solution File, Format Version 12.00
# Visual Studio Version 16
VisualStudioVersion = 16.0.29306.81
MinimumVisualStudioVersion = 10.0.40219.1
Project("{FAE04EC0-301F-11D3-BF4B-00C04F79EFBC}") = "NoteApp.UI", "NoteAppUI\NoteApp.UI.csproj", "{7790B359-82D4-435D-A327-C2AC5B0B3CE5}"
EndProject
Project("{FAE04EC0-301F-11D3-BF4B-00C04F79EFBC}") = "NoteApp", "NoteApp\NoteApp.csproj", "{4D61CBA9-96FA-4F49-9251-A82513D001B2}"
EndProject
Project("{FAE04EC0-301F-11D3-BF4B-00C04F79EFBC}") = "NoteApp.UnitTests", "NoteAppUnitTests\NoteApp.UnitTests.csproj", "{189022FB-6E21-41D2-A4F3-E93DE0489045}"
EndProject
Global
	GlobalSection(SolutionConfigurationPlatforms) = preSolution
		Debug|Any CPU = Debug|Any CPU
		Release|Any CPU = Release|Any CPU
	EndGlobalSection
	GlobalSection(ProjectConfigurationPlatforms) = postSolution
		{7790B359-82D4-435D-A327-C2AC5B0B3CE5}.Debug|Any CPU.ActiveCfg = Debug|Any CPU
		{7790B359-82D4-435D-A327-C2AC5B0B3CE5}.Debug|Any CPU.Build.0 = Debug|Any CPU
		{7790B359-82D4-435D-A327-C2AC5B0B3CE5}.Release|Any CPU.ActiveCfg = Release|Any CPU
		{7790B359-82D4-435D-A327-C2AC5B0B3CE5}.Release|Any CPU.Build.0 = Release|Any CPU
		{4D61CBA9-96FA-4F49-9251-A82513D001B2}.Debug|Any CPU.ActiveCfg = Debug|Any CPU
		{4D61CBA9-96FA-4F49-9251-A82513D001B2}.Debug|Any CPU.Build.0 = Debug|Any CPU
		{4D61CBA9-96FA-4F49-9251-A82513D001B2}.Release|Any CPU.ActiveCfg = Release|Any CPU
		{4D61CBA9-96FA-4F49-9251-A82513D001B2}.Release|Any CPU.Build.0 = Release|Any CPU
		{189022FB-6E21-41D2-A4F3-E93DE0489045}.Debug|Any CPU.ActiveCfg = Debug|Any CPU
		{189022FB-6E21-41D2-A4F3-E93DE0489045}.Debug|Any CPU.Build.0 = Debug|Any CPU
		{189022FB-6E21-41D2-A4F3-E93DE0489045}.Release|Any CPU.ActiveCfg = Release|Any CPU
		{189022FB-6E21-41D2-A4F3-E93DE0489045}.Release|Any CPU.Build.0 = Release|Any CPU
	EndGlobalSection
	GlobalSection(SolutionProperties) = preSolution
		HideSolutionNode = FALSE
	EndGlobalSection
	GlobalSection(ExtensibilityGlobals) = postSolution
		SolutionGuid = {6A0C639D-1859-4825-8136-2660099FA800}
	EndGlobalSection
EndGlobal
